{
  "name": "greenenergy",
  "version": "1.0.0",
  "lockfileVersion": 1,
  "requires": true,
  "dependencies": {
    "dayjs": {
      "version": "1.10.0",
      "resolved": "https://registry.npm.taobao.org/dayjs/download/dayjs-1.10.0.tgz?cache=0&sync_timestamp=1609660692332&other_urls=https%3A%2F%2Fregistry.npm.taobao.org%2Fdayjs%2Fdownload%2Fdayjs-1.10.0.tgz",
      "integrity": "sha1-Qa5MGlEWxEZzjE7H6fTxDpN+aYs="
    }
  }
}
